
Microsoft Visual Studio Solution File, Format Version 12.00
# Visual Studio 15
VisualStudioVersion = 15.0.27130.2010
MinimumVisualStudioVersion = 10.0.40219.1
Project("{2150E333-8FDC-42A3-9474-1A3956D46DE8}") = "Engine", "Engine", "{773464B6-8965-4FD9-9787-7770975D5E06}"
EndProject
Project("{2150E333-8FDC-42A3-9474-1A3956D46DE8}") = "Games", "Games", "{1E5ED775-8EFC-4CE7-AFD3-62B940A11C13}"
EndProject
Project("{8BC9CEB8-8B4A-11D0-8D11-00A0C91BC942}") = "UE4", "Intermediate\ProjectFiles\UE4.vcxproj", "{EFE98B0D-A847-47E6-A4AA-03CBE945B223}"
EndProject
Project("{8BC9CEB8-8B4A-11D0-8D11-00A0C91BC942}") = "BuildingEscape", "Intermediate\ProjectFiles\BuildingEscape.vcxproj", "{6C77F861-73BB-401C-9384-07982BD2C483}"
EndProject
Global
	GlobalSection(SolutionConfigurationPlatforms) = preSolution
		DebugGame Editor|HTML5 = DebugGame Editor|HTML5
		DebugGame Editor|Win32 = DebugGame Editor|Win32
		DebugGame Editor|Win64 = DebugGame Editor|Win64
		DebugGame|HTML5 = DebugGame|HTML5
		DebugGame|Win32 = DebugGame|Win32
		DebugGame|Win64 = DebugGame|Win64
		Development Editor|HTML5 = Development Editor|HTML5
		Development Editor|Win32 = Development Editor|Win32
		Development Editor|Win64 = Development Editor|Win64
		Development|HTML5 = Development|HTML5
		Development|Win32 = Development|Win32
		Development|Win64 = Development|Win64
		Shipping|HTML5 = Shipping|HTML5
		Shipping|Win32 = Shipping|Win32
		Shipping|Win64 = Shipping|Win64
	EndGlobalSection
	GlobalSection(ProjectConfigurationPlatforms) = postSolution
		{EFE98B0D-A847-47E6-A4AA-03CBE945B223}.DebugGame Editor|HTML5.ActiveCfg = BuiltWithUnrealBuildTool|Win32
		{EFE98B0D-A847-47E6-A4AA-03CBE945B223}.DebugGame Editor|HTML5.Build.0 = BuiltWithUnrealBuildTool|Win32
		{EFE98B0D-A847-47E6-A4AA-03CBE945B223}.DebugGame Editor|Win32.ActiveCfg = BuiltWithUnrealBuildTool|Win32
		{EFE98B0D-A847-47E6-A4AA-03CBE945B223}.DebugGame Editor|Win32.Build.0 = BuiltWithUnrealBuildTool|Win32
		{EFE98B0D-A847-47E6-A4AA-03CBE945B223}.DebugGame Editor|Win64.ActiveCfg = BuiltWithUnrealBuildTool|Win32
		{EFE98B0D-A847-47E6-A4AA-03CBE945B223}.DebugGame Editor|Win64.Build.0 = BuiltWithUnrealBuildTool|Win32
		{EFE98B0D-A847-47E6-A4AA-03CBE945B223}.DebugGame|HTML5.ActiveCfg = BuiltWithUnrealBuildTool|Win32
		{EFE98B0D-A847-47E6-A4AA-03CBE945B223}.DebugGame|HTML5.Build.0 = BuiltWithUnrealBuildTool|Win32
		{EFE98B0D-A847-47E6-A4AA-03CBE945B223}.DebugGame|Win32.ActiveCfg = BuiltWithUnrealBuildTool|Win32
		{EFE98B0D-A847-47E6-A4AA-03CBE945B223}.DebugGame|Win32.Build.0 = BuiltWithUnrealBuildTool|Win32
		{EFE98B0D-A847-47E6-A4AA-03CBE945B223}.DebugGame|Win64.ActiveCfg = BuiltWithUnrealBuildTool|Win32
		{EFE98B0D-A847-47E6-A4AA-03CBE945B223}.DebugGame|Win64.Build.0 = BuiltWithUnrealBuildTool|Win32
		{EFE98B0D-A847-47E6-A4AA-03CBE945B223}.Development Editor|HTML5.ActiveCfg = BuiltWithUnrealBuildTool|Win32
		{EFE98B0D-A847-47E6-A4AA-03CBE945B223}.Development Editor|HTML5.Build.0 = BuiltWithUnrealBuildTool|Win32
		{EFE98B0D-A847-47E6-A4AA-03CBE945B223}.Development Editor|Win32.ActiveCfg = BuiltWithUnrealBuildTool|Win32
		{EFE98B0D-A847-47E6-A4AA-03CBE945B223}.Development Editor|Win32.Build.0 = BuiltWithUnrealBuildTool|Win32
		{EFE98B0D-A847-47E6-A4AA-03CBE945B223}.Development Editor|Win64.ActiveCfg = BuiltWithUnrealBuildTool|Win32
		{EFE98B0D-A847-47E6-A4AA-03CBE945B223}.Development Editor|Win64.Build.0 = BuiltWithUnrealBuildTool|Win32
		{EFE98B0D-A847-47E6-A4AA-03CBE945B223}.Development|HTML5.ActiveCfg = BuiltWithUnrealBuildTool|Win32
		{EFE98B0D-A847-47E6-A4AA-03CBE945B223}.Development|HTML5.Build.0 = BuiltWithUnrealBuildTool|Win32
		{EFE98B0D-A847-47E6-A4AA-03CBE945B223}.Development|Win32.ActiveCfg = BuiltWithUnrealBuildTool|Win32
		{EFE98B0D-A847-47E6-A4AA-03CBE945B223}.Development|Win32.Build.0 = BuiltWithUnrealBuildTool|Win32
		{EFE98B0D-A847-47E6-A4AA-03CBE945B223}.Development|Win64.ActiveCfg = BuiltWithUnrealBuildTool|Win32
		{EFE98B0D-A847-47E6-A4AA-03CBE945B223}.Development|Win64.Build.0 = BuiltWithUnrealBuildTool|Win32
		{EFE98B0D-A847-47E6-A4AA-03CBE945B223}.Shipping|HTML5.ActiveCfg = BuiltWithUnrealBuildTool|Win32
		{EFE98B0D-A847-47E6-A4AA-03CBE945B223}.Shipping|HTML5.Build.0 = BuiltWithUnrealBuildTool|Win32
		{EFE98B0D-A847-47E6-A4AA-03CBE945B223}.Shipping|Win32.ActiveCfg = BuiltWithUnrealBuildTool|Win32
		{EFE98B0D-A847-47E6-A4AA-03CBE945B223}.Shipping|Win32.Build.0 = BuiltWithUnrealBuildTool|Win32
		{EFE98B0D-A847-47E6-A4AA-03CBE945B223}.Shipping|Win64.ActiveCfg = BuiltWithUnrealBuildTool|Win32
		{EFE98B0D-A847-47E6-A4AA-03CBE945B223}.Shipping|Win64.Build.0 = BuiltWithUnrealBuildTool|Win32
		{6C77F861-73BB-401C-9384-07982BD2C483}.DebugGame Editor|HTML5.ActiveCfg = HTML5_DebugGame_Editor|Win32
		{6C77F861-73BB-401C-9384-07982BD2C483}.DebugGame Editor|Win32.ActiveCfg = DebugGame_Editor|Win32
		{6C77F861-73BB-401C-9384-07982BD2C483}.DebugGame Editor|Win64.ActiveCfg = DebugGame_Editor|x64
		{6C77F861-73BB-401C-9384-07982BD2C483}.DebugGame Editor|Win64.Build.0 = DebugGame_Editor|x64
		{6C77F861-73BB-401C-9384-07982BD2C483}.DebugGame|HTML5.ActiveCfg = HTML5_DebugGame_Game|Win32
		{6C77F861-73BB-401C-9384-07982BD2C483}.DebugGame|HTML5.Build.0 = HTML5_DebugGame_Game|Win32
		{6C77F861-73BB-401C-9384-07982BD2C483}.DebugGame|Win32.ActiveCfg = DebugGame_Game|Win32
		{6C77F861-73BB-401C-9384-07982BD2C483}.DebugGame|Win32.Build.0 = DebugGame_Game|Win32
		{6C77F861-73BB-401C-9384-07982BD2C483}.DebugGame|Win64.ActiveCfg = DebugGame_Game|x64
		{6C77F861-73BB-401C-9384-07982BD2C483}.DebugGame|Win64.Build.0 = DebugGame_Game|x64
		{6C77F861-73BB-401C-9384-07982BD2C483}.Development Editor|HTML5.ActiveCfg = HTML5_Development_Editor|Win32
		{6C77F861-73BB-401C-9384-07982BD2C483}.Development Editor|Win32.ActiveCfg = Development_Editor|Win32
		{6C77F861-73BB-401C-9384-07982BD2C483}.Development Editor|Win64.ActiveCfg = Development_Editor|x64
		{6C77F861-73BB-401C-9384-07982BD2C483}.Development Editor|Win64.Build.0 = Development_Editor|x64
		{6C77F861-73BB-401C-9384-07982BD2C483}.Development|HTML5.ActiveCfg = HTML5_Development_Game|Win32
		{6C77F861-73BB-401C-9384-07982BD2C483}.Development|HTML5.Build.0 = HTML5_Development_Game|Win32
		{6C77F861-73BB-401C-9384-07982BD2C483}.Development|Win32.ActiveCfg = Development_Game|Win32
		{6C77F861-73BB-401C-9384-07982BD2C483}.Development|Win32.Build.0 = Development_Game|Win32
		{6C77F861-73BB-401C-9384-07982BD2C483}.Development|Win64.ActiveCfg = Development_Game|x64
		{6C77F861-73BB-401C-9384-07982BD2C483}.Development|Win64.Build.0 = Development_Game|x64
		{6C77F861-73BB-401C-9384-07982BD2C483}.Shipping|HTML5.ActiveCfg = HTML5_Shipping_Game|Win32
		{6C77F861-73BB-401C-9384-07982BD2C483}.Shipping|HTML5.Build.0 = HTML5_Shipping_Game|Win32
		{6C77F861-73BB-401C-9384-07982BD2C483}.Shipping|Win32.ActiveCfg = Shipping_Game|Win32
		{6C77F861-73BB-401C-9384-07982BD2C483}.Shipping|Win32.Build.0 = Shipping_Game|Win32
		{6C77F861-73BB-401C-9384-07982BD2C483}.Shipping|Win64.ActiveCfg = Shipping_Game|x64
		{6C77F861-73BB-401C-9384-07982BD2C483}.Shipping|Win64.Build.0 = Shipping_Game|x64
	EndGlobalSection
	GlobalSection(SolutionProperties) = preSolution
		HideSolutionNode = FALSE
	EndGlobalSection
	GlobalSection(NestedProjects) = preSolution
		{EFE98B0D-A847-47E6-A4AA-03CBE945B223} = {773464B6-8965-4FD9-9787-7770975D5E06}
		{6C77F861-73BB-401C-9384-07982BD2C483} = {1E5ED775-8EFC-4CE7-AFD3-62B940A11C13}
	EndGlobalSection
	GlobalSection(ExtensibilityGlobals) = postSolution
		SolutionGuid = {3D13720D-48D6-4D48-B0BF-206B2370F5DE}
	EndGlobalSection
EndGlobal
